{
  "version": "v1",
  "packages": {
    "@ctrlshiftbryan/nerd-core-rn": {
      "signature": "e6946f384e5d8d0fd52938543ac73497",
      "file": true,
      "replaced": "2.2.26"
    },
    "@ctrlshiftbryan/nerd-types": {
      "signature": "057ff0071a04f1a3aeaa9d0005ce5556",
      "file": true,
      "replaced": "2.2.26"
    }
  }
}