{
  "version": "v1",
  "packages": {
    "@ctrlshiftbryan/nerd-core-rn": {
      "signature": "b4f9650a1f120c3d20db67e802ff10a5",
      "file": true,
      "replaced": "^2.2.17"
    },
    "@ctrlshiftbryan/nerd-types": {
      "signature": "1388ab8f1446d3697db902016fc8c8a5",
      "file": true,
      "replaced": "^2.2.17"
    }
  }
}